<Solution>
  <Folder Name="/src/" />
  <Folder Name="/src/Bootstrap/">
    <Project Path="src/Bootstrap/Fingo.Application/Fingo.Api.csproj" />
  </Folder>
  <Folder Name="/src/Features/" />
  <Folder Name="/src/Features/Common/">
    <Project Path="src/Features/Common/Fingo.Shared/Fingo.Shared.csproj" />
  </Folder>
</Solution>
